# This file was autogenerated by Stack.
# You should not edit this file by hand.
# For more information, please see the documentation at:
#   https://docs.haskellstack.org/en/stable/lock_files

packages:
- completed:
    cabal-file:
      size: 789
      sha256: 30e8eef83e458bf65c1ec84ff18a71ddf570a026fc8c7426861941e01b773d8e
    name: attoparsec-applicative
    version: 0.1.0.0
    git: git@github.com:tafujino/attoparsec-applicative.git
    pantry-tree:
      size: 229
      sha256: dada1c7d32ab3f514066ebe5b7a8b43bdcab3f6a7db86e344772e8654d2ed11d
    commit: bd4b2902570dec6af0078171b94075f25f01e708
  original:
    git: git@github.com:tafujino/attoparsec-applicative.git
    commit: bd4b2902570dec6af0078171b94075f25f01e708
- completed:
    cabal-file:
      size: 781
      sha256: 7608a5c1e3c2e01736b1b479312e16db5161803fb064ea34afb1b6547a0637ce
    name: bioseq
    version: 0.1.0.0
    git: git@github.com:tafujino/bioseq.git
    pantry-tree:
      size: 348
      sha256: e967c3c474b590a9164cafd475fc08ff6229afd09fd77ab345033f7c25909c62
    commit: bf51ee495644f4261c72ac7a822e9f8f3b06d73a
  original:
    git: git@github.com:tafujino/bioseq.git
    commit: bf51ee495644f4261c72ac7a822e9f8f3b06d73a
- completed:
    cabal-file:
      size: 1690
      sha256: 5376ecfae7e3c7e139fe7b0f53a11a4901de59c7ba9412d52f2bf19bbb03bebb
    name: sam
    version: 0.1.0.0
    git: git@github.com:tafujino/haskell-sam.git
    pantry-tree:
      size: 867
      sha256: d6f2f03f4826a57c92c3fa770578ef6817119e59ca7b7ea0639ee16d31edf9b1
    commit: 0b0d90928a417e63082bb463ecdde50e8da7a5b5
  original:
    git: git@github.com:tafujino/haskell-sam.git
    commit: 0b0d90928a417e63082bb463ecdde50e8da7a5b5
- completed:
    hackage: data-default-extra-0.1.0@sha256:93923f4b1678ee70888eae2ba5fc89cfd9748a2a9d64923cc1f827415543435a,5395
    pantry-tree:
      size: 391
      sha256: c75856a7a260644b86dc4d3a037ea62b01ab45d05f178ef4509565e068eb1df0
  original:
    hackage: data-default-extra-0.1.0
- completed:
    hackage: data-default-instances-bytestring-0.0.1@sha256:592075c7d9f5bde9fe98d31dd2b7412cdb4bb29158b49bee04379fe0895aed3e,2438
    pantry-tree:
      size: 359
      sha256: 0fc29775b358a74b79941ad5d19d39a72459412eee5d0ad6b75fe4552a534612
  original:
    hackage: data-default-instances-bytestring-0.0.1
- completed:
    hackage: data-default-instances-case-insensitive-0.0.1@sha256:45a89ccc5e4e6dbca37c7c0826c1f1c75d774d49afa9ce94f0412edee53f1371,1757
    pantry-tree:
      size: 370
      sha256: 21acad342cfd546e0a2352f7b60abb0a677060d807845d4d2eed20f4588e7c6c
  original:
    hackage: data-default-instances-case-insensitive-0.0.1
- completed:
    hackage: data-default-instances-new-base-0.0.2@sha256:1f90fe762c978f9fd0fcbf6d4cb6cd191d261e25acf9308505b3444aef8c079f,3227
    pantry-tree:
      size: 355
      sha256: e7c1497196ceceb7916c5077af62fdbe0399aec5662927d371211105b51c6be6
  original:
    hackage: data-default-instances-new-base-0.0.2
- completed:
    hackage: data-default-instances-text-0.0.1@sha256:5a8acbe0d420430c2cc2dc7865fa69d179c9ad43dda47aefcc6560fed72e2204,2121
    pantry-tree:
      size: 347
      sha256: 6220e4ea21f4df8cae8936626ac08bd43bec1e983d833a5234a36b95281e01f9
  original:
    hackage: data-default-instances-text-0.0.1
- completed:
    hackage: data-default-instances-unordered-containers-0.0.1@sha256:fc2e79e605ef4fd67f222d11f43aaed40fbc08e3ca421cd29f5982a391f90ebe,1757
    pantry-tree:
      size: 378
      sha256: 5e2b496e696d5ea3abe7011386fcb8ddb24f9affa4e34feea2665a91581624f5
  original:
    hackage: data-default-instances-unordered-containers-0.0.1
- completed:
    hackage: data-default-instances-vector-0.0.1@sha256:8a78beb491235231802c98fb1a58fea519359be1c9374b9f08d37feed34a385e,1791
    pantry-tree:
      size: 351
      sha256: 1535e9e996894b238b51a272045bde55c8d4a294cd87b1deb23e3d28fc15b632
  original:
    hackage: data-default-instances-vector-0.0.1
- completed:
    cabal-file:
      size: 1724
      sha256: e91cdb6c2c9dd0f789d2ea4fcb97d4d5dd1122ca73d6b34e714943a9a0c9df71
    name: paf
    version: 0.1.0.0
    git: git@github.com:6br/haskell-paf.git
    pantry-tree:
      size: 630
      sha256: 1f03b0dcdc1f9ded4836f103b36275d17b9a5459acf7430b7ba1839ecfee44d2
    commit: eb935b3fd49c71fea49319915a97f519bd4fb718
  original:
    git: git@github.com:6br/haskell-paf.git
    commit: eb935b3fd49c71fea49319915a97f519bd4fb718
snapshots:
- completed:
    size: 527836
    url: https://raw.githubusercontent.com/commercialhaskell/stackage-snapshots/master/lts/11/22.yaml
    sha256: 341870ac98d8a9f8f77c4adf2e9e0b22063e264a7fbeb4c85b7af5f380dac60e
  original: lts-11.22
